// !$*UTF8*$!
{
	archiveVersion = 1;
	classes = {
	};
	objectVersion = 56;
	objects = {

/* Begin PBXBuildFile section */
		AEC2DAAE2B19F2F500D10474 /* AppDelegate.swift in Sources */ = {isa = PBXBuildFile; fileRef = AEC2DAAD2B19F2F500D10474 /* AppDelegate.swift */; };
		AEC2DAB02B19F2F500D10474 /* SceneDelegate.swift in Sources */ = {isa = PBXBuildFile; fileRef = AEC2DAAF2B19F2F500D10474 /* SceneDelegate.swift */; };
		AEC2DAB72B19F2F600D10474 /* Assets.xcassets in Resources */ = {isa = PBXBuildFile; fileRef = AEC2DAB62B19F2F600D10474 /* Assets.xcassets */; };
		AEC2DABA2B19F2F600D10474 /* LaunchScreen.storyboard in Resources */ = {isa = PBXBuildFile; fileRef = AEC2DAB82B19F2F600D10474 /* LaunchScreen.storyboard */; };
		AEC2DAC52B1A459600D10474 /* AuthViewController.swift in Sources */ = {isa = PBXBuildFile; fileRef = AEC2DAC42B1A459600D10474 /* AuthViewController.swift */; };
		AEC2DAC72B1A45BF00D10474 /* AuthView.swift in Sources */ = {isa = PBXBuildFile; fileRef = AEC2DAC62B1A45BF00D10474 /* AuthView.swift */; };
		AEC2DACB2B1A6F2700D10474 /* AuthViewDelegate.swift in Sources */ = {isa = PBXBuildFile; fileRef = AEC2DACA2B1A6F2700D10474 /* AuthViewDelegate.swift */; };
		AEC2DAD02B1A6F9200D10474 /* ProfileViewController.swift in Sources */ = {isa = PBXBuildFile; fileRef = AEC2DACF2B1A6F9200D10474 /* ProfileViewController.swift */; };
		AEC2DAD22B1A70A000D10474 /* AuthViewControllerDelegate.swift in Sources */ = {isa = PBXBuildFile; fileRef = AEC2DAD12B1A70A000D10474 /* AuthViewControllerDelegate.swift */; };
		AEC2DAD62B1A714400D10474 /* ProfileViewDelegate.swift in Sources */ = {isa = PBXBuildFile; fileRef = AEC2DAD52B1A714400D10474 /* ProfileViewDelegate.swift */; };
		AEC2DAD82B1A726600D10474 /* ProfileViewControllerDelegate.swift in Sources */ = {isa = PBXBuildFile; fileRef = AEC2DAD72B1A726600D10474 /* ProfileViewControllerDelegate.swift */; };
		AEC2DADC2B1A8C7900D10474 /* ProfileView.swift in Sources */ = {isa = PBXBuildFile; fileRef = AEC2DADB2B1A8C7900D10474 /* ProfileView.swift */; };
		AED713922B1B5EDA000AE642 /* BaseMainView.swift in Sources */ = {isa = PBXBuildFile; fileRef = AED713912B1B5EDA000AE642 /* BaseMainView.swift */; };
		AED713972B1B614B000AE642 /* OrdersView.swift in Sources */ = {isa = PBXBuildFile; fileRef = AED713962B1B614B000AE642 /* OrdersView.swift */; };
		AED713992B1B634C000AE642 /* BaseControllerDelegate.swift in Sources */ = {isa = PBXBuildFile; fileRef = AED713982B1B634C000AE642 /* BaseControllerDelegate.swift */; };
		AED7139B2B1B63F0000AE642 /* OrdersViewController.swift in Sources */ = {isa = PBXBuildFile; fileRef = AED7139A2B1B63F0000AE642 /* OrdersViewController.swift */; };
		AED713A12B1B72A0000AE642 /* OrdersTableViewDelegate.swift in Sources */ = {isa = PBXBuildFile; fileRef = AED713A02B1B72A0000AE642 /* OrdersTableViewDelegate.swift */; };
		AED713A42B1B7322000AE642 /* OrderTableViewCell.swift in Sources */ = {isa = PBXBuildFile; fileRef = AED713A32B1B7322000AE642 /* OrderTableViewCell.swift */; };
		AED713CD2B1BB93E000AE642 /* TabBarViewController.swift in Sources */ = {isa = PBXBuildFile; fileRef = AED713CC2B1BB93E000AE642 /* TabBarViewController.swift */; };
		AED713D22B1BBABA000AE642 /* MapsView.swift in Sources */ = {isa = PBXBuildFile; fileRef = AED713D12B1BBABA000AE642 /* MapsView.swift */; };
		AED713D42B1BBAED000AE642 /* MapsViewController.swift in Sources */ = {isa = PBXBuildFile; fileRef = AED713D32B1BBAED000AE642 /* MapsViewController.swift */; };
		AED713D92B1BC3B9000AE642 /* GoogleService-Info.plist in Resources */ = {isa = PBXBuildFile; fileRef = AED713D82B1BC3B9000AE642 /* GoogleService-Info.plist */; };
		AED713DC2B1C9C22000AE642 /* FirebaseManager.swift in Sources */ = {isa = PBXBuildFile; fileRef = AED713DB2B1C9C22000AE642 /* FirebaseManager.swift */; };
		AED713DF2B1CA542000AE642 /* User.swift in Sources */ = {isa = PBXBuildFile; fileRef = AED713DE2B1CA542000AE642 /* User.swift */; };
		AED713EA2B1CAAD3000AE642 /* Order.swift in Sources */ = {isa = PBXBuildFile; fileRef = AED713E92B1CAAD3000AE642 /* Order.swift */; };
		AED713EC2B1CAB8E000AE642 /* Status.swift in Sources */ = {isa = PBXBuildFile; fileRef = AED713EB2B1CAB8E000AE642 /* Status.swift */; };
		AED713FD2B1CDF09000AE642 /* FirebaseAuth in Frameworks */ = {isa = PBXBuildFile; productRef = AED713FC2B1CDF09000AE642 /* FirebaseAuth */; };
		AED713FF2B1CDF09000AE642 /* FirebaseDatabase in Frameworks */ = {isa = PBXBuildFile; productRef = AED713FE2B1CDF09000AE642 /* FirebaseDatabase */; };
		AED714012B1CDF09000AE642 /* FirebaseFirestore in Frameworks */ = {isa = PBXBuildFile; productRef = AED714002B1CDF09000AE642 /* FirebaseFirestore */; };
		AED714032B1CDF09000AE642 /* FirebaseStorage in Frameworks */ = {isa = PBXBuildFile; productRef = AED714022B1CDF09000AE642 /* FirebaseStorage */; };
/* End PBXBuildFile section */

/* Begin PBXFileReference section */
		AEC2DAAA2B19F2F500D10474 /* OrdersTest.app */ = {isa = PBXFileReference; explicitFileType = wrapper.application; includeInIndex = 0; path = OrdersTest.app; sourceTree = BUILT_PRODUCTS_DIR; };
		AEC2DAAD2B19F2F500D10474 /* AppDelegate.swift */ = {isa = PBXFileReference; lastKnownFileType = sourcecode.swift; path = AppDelegate.swift; sourceTree = "<group>"; };
		AEC2DAAF2B19F2F500D10474 /* SceneDelegate.swift */ = {isa = PBXFileReference; lastKnownFileType = sourcecode.swift; path = SceneDelegate.swift; sourceTree = "<group>"; };
		AEC2DAB62B19F2F600D10474 /* Assets.xcassets */ = {isa = PBXFileReference; lastKnownFileType = folder.assetcatalog; path = Assets.xcassets; sourceTree = "<group>"; };
		AEC2DAB92B19F2F600D10474 /* Base */ = {isa = PBXFileReference; lastKnownFileType = file.storyboard; name = Base; path = Base.lproj/LaunchScreen.storyboard; sourceTree = "<group>"; };
		AEC2DABB2B19F2F600D10474 /* Info.plist */ = {isa = PBXFileReference; lastKnownFileType = text.plist.xml; path = Info.plist; sourceTree = "<group>"; };
		AEC2DAC42B1A459600D10474 /* AuthViewController.swift */ = {isa = PBXFileReference; lastKnownFileType = sourcecode.swift; path = AuthViewController.swift; sourceTree = "<group>"; };
		AEC2DAC62B1A45BF00D10474 /* AuthView.swift */ = {isa = PBXFileReference; lastKnownFileType = sourcecode.swift; path = AuthView.swift; sourceTree = "<group>"; };
		AEC2DACA2B1A6F2700D10474 /* AuthViewDelegate.swift */ = {isa = PBXFileReference; lastKnownFileType = sourcecode.swift; path = AuthViewDelegate.swift; sourceTree = "<group>"; };
		AEC2DACF2B1A6F9200D10474 /* ProfileViewController.swift */ = {isa = PBXFileReference; lastKnownFileType = sourcecode.swift; path = ProfileViewController.swift; sourceTree = "<group>"; };
		AEC2DAD12B1A70A000D10474 /* AuthViewControllerDelegate.swift */ = {isa = PBXFileReference; lastKnownFileType = sourcecode.swift; path = AuthViewControllerDelegate.swift; sourceTree = "<group>"; };
		AEC2DAD52B1A714400D10474 /* ProfileViewDelegate.swift */ = {isa = PBXFileReference; lastKnownFileType = sourcecode.swift; path = ProfileViewDelegate.swift; sourceTree = "<group>"; };
		AEC2DAD72B1A726600D10474 /* ProfileViewControllerDelegate.swift */ = {isa = PBXFileReference; lastKnownFileType = sourcecode.swift; path = ProfileViewControllerDelegate.swift; sourceTree = "<group>"; };
		AEC2DADB2B1A8C7900D10474 /* ProfileView.swift */ = {isa = PBXFileReference; lastKnownFileType = sourcecode.swift; path = ProfileView.swift; sourceTree = "<group>"; };
		AED713912B1B5EDA000AE642 /* BaseMainView.swift */ = {isa = PBXFileReference; lastKnownFileType = sourcecode.swift; path = BaseMainView.swift; sourceTree = "<group>"; };
		AED713962B1B614B000AE642 /* OrdersView.swift */ = {isa = PBXFileReference; lastKnownFileType = sourcecode.swift; path = OrdersView.swift; sourceTree = "<group>"; };
		AED713982B1B634C000AE642 /* BaseControllerDelegate.swift */ = {isa = PBXFileReference; lastKnownFileType = sourcecode.swift; path = BaseControllerDelegate.swift; sourceTree = "<group>"; };
		AED7139A2B1B63F0000AE642 /* OrdersViewController.swift */ = {isa = PBXFileReference; lastKnownFileType = sourcecode.swift; path = OrdersViewController.swift; sourceTree = "<group>"; };
		AED713A02B1B72A0000AE642 /* OrdersTableViewDelegate.swift */ = {isa = PBXFileReference; lastKnownFileType = sourcecode.swift; path = OrdersTableViewDelegate.swift; sourceTree = "<group>"; };
		AED713A32B1B7322000AE642 /* OrderTableViewCell.swift */ = {isa = PBXFileReference; lastKnownFileType = sourcecode.swift; path = OrderTableViewCell.swift; sourceTree = "<group>"; };
		AED713CC2B1BB93E000AE642 /* TabBarViewController.swift */ = {isa = PBXFileReference; lastKnownFileType = sourcecode.swift; path = TabBarViewController.swift; sourceTree = "<group>"; };
		AED713D12B1BBABA000AE642 /* MapsView.swift */ = {isa = PBXFileReference; lastKnownFileType = sourcecode.swift; path = MapsView.swift; sourceTree = "<group>"; };
		AED713D32B1BBAED000AE642 /* MapsViewController.swift */ = {isa = PBXFileReference; lastKnownFileType = sourcecode.swift; path = MapsViewController.swift; sourceTree = "<group>"; };
		AED713D82B1BC3B9000AE642 /* GoogleService-Info.plist */ = {isa = PBXFileReference; fileEncoding = 4; lastKnownFileType = text.plist.xml; name = "GoogleService-Info.plist"; path = "../../../../../Downloads/GoogleService-Info.plist"; sourceTree = "<group>"; };
		AED713DB2B1C9C22000AE642 /* FirebaseManager.swift */ = {isa = PBXFileReference; lastKnownFileType = sourcecode.swift; path = FirebaseManager.swift; sourceTree = "<group>"; };
		AED713DE2B1CA542000AE642 /* User.swift */ = {isa = PBXFileReference; lastKnownFileType = sourcecode.swift; path = User.swift; sourceTree = "<group>"; };
		AED713E92B1CAAD3000AE642 /* Order.swift */ = {isa = PBXFileReference; lastKnownFileType = sourcecode.swift; path = Order.swift; sourceTree = "<group>"; };
		AED713EB2B1CAB8E000AE642 /* Status.swift */ = {isa = PBXFileReference; lastKnownFileType = sourcecode.swift; path = Status.swift; sourceTree = "<group>"; };
/* End PBXFileReference section */

/* Begin PBXFrameworksBuildPhase section */
		AEC2DAA72B19F2F500D10474 /* Frameworks */ = {
			isa = PBXFrameworksBuildPhase;
			buildActionMask = 2147483647;
			files = (
				AED713FF2B1CDF09000AE642 /* FirebaseDatabase in Frameworks */,
				AED714032B1CDF09000AE642 /* FirebaseStorage in Frameworks */,
				AED713FD2B1CDF09000AE642 /* FirebaseAuth in Frameworks */,
				AED714012B1CDF09000AE642 /* FirebaseFirestore in Frameworks */,
			);
			runOnlyForDeploymentPostprocessing = 0;
		};
/* End PBXFrameworksBuildPhase section */

/* Begin PBXGroup section */
		AEC2DAA12B19F2F500D10474 = {
			isa = PBXGroup;
			children = (
				AEC2DAAC2B19F2F500D10474 /* OrdersTest */,
				AEC2DAAB2B19F2F500D10474 /* Products */,
			);
			sourceTree = "<group>";
		};
		AEC2DAAB2B19F2F500D10474 /* Products */ = {
			isa = PBXGroup;
			children = (
				AEC2DAAA2B19F2F500D10474 /* OrdersTest.app */,
			);
			name = Products;
			sourceTree = "<group>";
		};
		AEC2DAAC2B19F2F500D10474 /* OrdersTest */ = {
			isa = PBXGroup;
			children = (
				AEC2DAC12B19F3B700D10474 /* Application */,
				AED713DD2B1CA53C000AE642 /* Model */,
				AED713DA2B1C9C14000AE642 /* Manager */,
				AED7138F2B1B5EC9000AE642 /* Base */,
				AED713CE2B1BBA98000AE642 /* Maps */,
				AED713932B1B6133000AE642 /* Orders */,
				AEC2DACC2B1A6F7600D10474 /* Profile */,
				AEC2DAC32B1A457800D10474 /* Auth */,
				AEC2DAC22B19F3C600D10474 /* SupportingFiles */,
			);
			path = OrdersTest;
			sourceTree = "<group>";
		};
		AEC2DAC12B19F3B700D10474 /* Application */ = {
			isa = PBXGroup;
			children = (
				AEC2DAAD2B19F2F500D10474 /* AppDelegate.swift */,
				AEC2DAAF2B19F2F500D10474 /* SceneDelegate.swift */,
			);
			path = Application;
			sourceTree = "<group>";
		};
		AEC2DAC22B19F3C600D10474 /* SupportingFiles */ = {
			isa = PBXGroup;
			children = (
				AEC2DAB62B19F2F600D10474 /* Assets.xcassets */,
				AEC2DAB82B19F2F600D10474 /* LaunchScreen.storyboard */,
				AEC2DABB2B19F2F600D10474 /* Info.plist */,
				AED713D82B1BC3B9000AE642 /* GoogleService-Info.plist */,
			);
			path = SupportingFiles;
			sourceTree = "<group>";
		};
		AEC2DAC32B1A457800D10474 /* Auth */ = {
			isa = PBXGroup;
			children = (
				AEC2DAC92B1A6F0200D10474 /* Controller */,
				AEC2DAC82B1A6EFC00D10474 /* View */,
			);
			path = Auth;
			sourceTree = "<group>";
		};
		AEC2DAC82B1A6EFC00D10474 /* View */ = {
			isa = PBXGroup;
			children = (
				AEC2DAC62B1A45BF00D10474 /* AuthView.swift */,
				AEC2DACA2B1A6F2700D10474 /* AuthViewDelegate.swift */,
			);
			path = View;
			sourceTree = "<group>";
		};
		AEC2DAC92B1A6F0200D10474 /* Controller */ = {
			isa = PBXGroup;
			children = (
				AEC2DAC42B1A459600D10474 /* AuthViewController.swift */,
				AEC2DAD12B1A70A000D10474 /* AuthViewControllerDelegate.swift */,
			);
			path = Controller;
			sourceTree = "<group>";
		};
		AEC2DACC2B1A6F7600D10474 /* Profile */ = {
			isa = PBXGroup;
			children = (
				AEC2DACE2B1A6F7F00D10474 /* Controller */,
				AEC2DACD2B1A6F7900D10474 /* View */,
			);
			path = Profile;
			sourceTree = "<group>";
		};
		AEC2DACD2B1A6F7900D10474 /* View */ = {
			isa = PBXGroup;
			children = (
				AEC2DAD52B1A714400D10474 /* ProfileViewDelegate.swift */,
				AEC2DADB2B1A8C7900D10474 /* ProfileView.swift */,
			);
			path = View;
			sourceTree = "<group>";
		};
		AEC2DACE2B1A6F7F00D10474 /* Controller */ = {
			isa = PBXGroup;
			children = (
				AEC2DACF2B1A6F9200D10474 /* ProfileViewController.swift */,
				AEC2DAD72B1A726600D10474 /* ProfileViewControllerDelegate.swift */,
			);
			path = Controller;
			sourceTree = "<group>";
		};
		AED7138F2B1B5EC9000AE642 /* Base */ = {
			isa = PBXGroup;
			children = (
				AED713CB2B1BB920000AE642 /* TabBar */,
				AED7139F2B1B728D000AE642 /* Controller */,
				AED713902B1B5ECF000AE642 /* View */,
			);
			path = Base;
			sourceTree = "<group>";
		};
		AED713902B1B5ECF000AE642 /* View */ = {
			isa = PBXGroup;
			children = (
				AED713912B1B5EDA000AE642 /* BaseMainView.swift */,
			);
			path = View;
			sourceTree = "<group>";
		};
		AED713932B1B6133000AE642 /* Orders */ = {
			isa = PBXGroup;
			children = (
				AED713952B1B613D000AE642 /* View */,
				AED713942B1B6136000AE642 /* Controller */,
			);
			path = Orders;
			sourceTree = "<group>";
		};
		AED713942B1B6136000AE642 /* Controller */ = {
			isa = PBXGroup;
			children = (
				AED7139A2B1B63F0000AE642 /* OrdersViewController.swift */,
				AED713A02B1B72A0000AE642 /* OrdersTableViewDelegate.swift */,
			);
			path = Controller;
			sourceTree = "<group>";
		};
		AED713952B1B613D000AE642 /* View */ = {
			isa = PBXGroup;
			children = (
				AED713A22B1B730E000AE642 /* Cell */,
				AED713962B1B614B000AE642 /* OrdersView.swift */,
			);
			path = View;
			sourceTree = "<group>";
		};
		AED7139F2B1B728D000AE642 /* Controller */ = {
			isa = PBXGroup;
			children = (
				AED713982B1B634C000AE642 /* BaseControllerDelegate.swift */,
			);
			path = Controller;
			sourceTree = "<group>";
		};
		AED713A22B1B730E000AE642 /* Cell */ = {
			isa = PBXGroup;
			children = (
				AED713A32B1B7322000AE642 /* OrderTableViewCell.swift */,
			);
			path = Cell;
			sourceTree = "<group>";
		};
		AED713CB2B1BB920000AE642 /* TabBar */ = {
			isa = PBXGroup;
			children = (
				AED713CC2B1BB93E000AE642 /* TabBarViewController.swift */,
			);
			path = TabBar;
			sourceTree = "<group>";
		};
		AED713CE2B1BBA98000AE642 /* Maps */ = {
			isa = PBXGroup;
			children = (
				AED713D02B1BBAA8000AE642 /* Controller */,
				AED713CF2B1BBAA2000AE642 /* View */,
			);
			path = Maps;
			sourceTree = "<group>";
		};
		AED713CF2B1BBAA2000AE642 /* View */ = {
			isa = PBXGroup;
			children = (
				AED713D12B1BBABA000AE642 /* MapsView.swift */,
			);
			path = View;
			sourceTree = "<group>";
		};
		AED713D02B1BBAA8000AE642 /* Controller */ = {
			isa = PBXGroup;
			children = (
				AED713D32B1BBAED000AE642 /* MapsViewController.swift */,
			);
			path = Controller;
			sourceTree = "<group>";
		};
		AED713DA2B1C9C14000AE642 /* Manager */ = {
			isa = PBXGroup;
			children = (
				AED713DB2B1C9C22000AE642 /* FirebaseManager.swift */,
			);
			path = Manager;
			sourceTree = "<group>";
		};
		AED713DD2B1CA53C000AE642 /* Model */ = {
			isa = PBXGroup;
			children = (
				AED713DE2B1CA542000AE642 /* User.swift */,
				AED713E92B1CAAD3000AE642 /* Order.swift */,
				AED713EB2B1CAB8E000AE642 /* Status.swift */,
			);
			path = Model;
			sourceTree = "<group>";
		};
/* End PBXGroup section */

/* Begin PBXNativeTarget section */
		AEC2DAA92B19F2F500D10474 /* OrdersTest */ = {
			isa = PBXNativeTarget;
			buildConfigurationList = AEC2DABE2B19F2F600D10474 /* Build configuration list for PBXNativeTarget "OrdersTest" */;
			buildPhases = (
				AEC2DAA62B19F2F500D10474 /* Sources */,
				AEC2DAA72B19F2F500D10474 /* Frameworks */,
				AEC2DAA82B19F2F500D10474 /* Resources */,
			);
			buildRules = (
			);
			dependencies = (
			);
			name = OrdersTest;
			packageProductDependencies = (
				AED713FC2B1CDF09000AE642 /* FirebaseAuth */,
				AED713FE2B1CDF09000AE642 /* FirebaseDatabase */,
				AED714002B1CDF09000AE642 /* FirebaseFirestore */,
				AED714022B1CDF09000AE642 /* FirebaseStorage */,
			);
			productName = OrdersTest;
			productReference = AEC2DAAA2B19F2F500D10474 /* OrdersTest.app */;
			productType = "com.apple.product-type.application";
		};
/* End PBXNativeTarget section */

/* Begin PBXProject section */
		AEC2DAA22B19F2F500D10474 /* Project object */ = {
			isa = PBXProject;
			attributes = {
				BuildIndependentTargetsInParallel = 1;
				LastSwiftUpdateCheck = 1430;
				LastUpgradeCheck = 1430;
				TargetAttributes = {
					AEC2DAA92B19F2F500D10474 = {
						CreatedOnToolsVersion = 14.3;
					};
				};
			};
			buildConfigurationList = AEC2DAA52B19F2F500D10474 /* Build configuration list for PBXProject "OrdersTest" */;
			compatibilityVersion = "Xcode 14.0";
			developmentRegion = en;
			hasScannedForEncodings = 0;
			knownRegions = (
				en,
				Base,
			);
			mainGroup = AEC2DAA12B19F2F500D10474;
			packageReferences = (
				AED713FB2B1CDF09000AE642 /* XCRemoteSwiftPackageReference "firebase-ios-sdk.git" */,
			);
			productRefGroup = AEC2DAAB2B19F2F500D10474 /* Products */;
			projectDirPath = "";
			projectRoot = "";
			targets = (
				AEC2DAA92B19F2F500D10474 /* OrdersTest */,
			);
		};
/* End PBXProject section */

/* Begin PBXResourcesBuildPhase section */
		AEC2DAA82B19F2F500D10474 /* Resources */ = {
			isa = PBXResourcesBuildPhase;
			buildActionMask = 2147483647;
			files = (
				AEC2DABA2B19F2F600D10474 /* LaunchScreen.storyboard in Resources */,
				AEC2DAB72B19F2F600D10474 /* Assets.xcassets in Resources */,
				AED713D92B1BC3B9000AE642 /* GoogleService-Info.plist in Resources */,
			);
			runOnlyForDeploymentPostprocessing = 0;
		};
/* End PBXResourcesBuildPhase section */

/* Begin PBXSourcesBuildPhase section */
		AEC2DAA62B19F2F500D10474 /* Sources */ = {
			isa = PBXSourcesBuildPhase;
			buildActionMask = 2147483647;
			files = (
				AEC2DAAE2B19F2F500D10474 /* AppDelegate.swift in Sources */,
				AEC2DAC52B1A459600D10474 /* AuthViewController.swift in Sources */,
				AED713A42B1B7322000AE642 /* OrderTableViewCell.swift in Sources */,
				AEC2DADC2B1A8C7900D10474 /* ProfileView.swift in Sources */,
				AED713CD2B1BB93E000AE642 /* TabBarViewController.swift in Sources */,
				AED7139B2B1B63F0000AE642 /* OrdersViewController.swift in Sources */,
				AED713D22B1BBABA000AE642 /* MapsView.swift in Sources */,
				AEC2DAC72B1A45BF00D10474 /* AuthView.swift in Sources */,
				AED713922B1B5EDA000AE642 /* BaseMainView.swift in Sources */,
				AED713DF2B1CA542000AE642 /* User.swift in Sources */,
				AED713DC2B1C9C22000AE642 /* FirebaseManager.swift in Sources */,
				AED713EC2B1CAB8E000AE642 /* Status.swift in Sources */,
				AED713972B1B614B000AE642 /* OrdersView.swift in Sources */,
				AEC2DAD02B1A6F9200D10474 /* ProfileViewController.swift in Sources */,
				AEC2DAD62B1A714400D10474 /* ProfileViewDelegate.swift in Sources */,
				AEC2DACB2B1A6F2700D10474 /* AuthViewDelegate.swift in Sources */,
				AED713992B1B634C000AE642 /* BaseControllerDelegate.swift in Sources */,
				AEC2DAD22B1A70A000D10474 /* AuthViewControllerDelegate.swift in Sources */,
				AED713D42B1BBAED000AE642 /* MapsViewController.swift in Sources */,
				AEC2DAD82B1A726600D10474 /* ProfileViewControllerDelegate.swift in Sources */,
				AED713EA2B1CAAD3000AE642 /* Order.swift in Sources */,
				AEC2DAB02B19F2F500D10474 /* SceneDelegate.swift in Sources */,
				AED713A12B1B72A0000AE642 /* OrdersTableViewDelegate.swift in Sources */,
			);
			runOnlyForDeploymentPostprocessing = 0;
		};
/* End PBXSourcesBuildPhase section */

/* Begin PBXVariantGroup section */
		AEC2DAB82B19F2F600D10474 /* LaunchScreen.storyboard */ = {
			isa = PBXVariantGroup;
			children = (
				AEC2DAB92B19F2F600D10474 /* Base */,
			);
			name = LaunchScreen.storyboard;
			sourceTree = "<group>";
		};
/* End PBXVariantGroup section */

/* Begin XCBuildConfiguration section */
		AEC2DABC2B19F2F600D10474 /* Debug */ = {
			isa = XCBuildConfiguration;
			buildSettings = {
				ALWAYS_SEARCH_USER_PATHS = NO;
				CLANG_ANALYZER_NONNULL = YES;
				CLANG_ANALYZER_NUMBER_OBJECT_CONVERSION = YES_AGGRESSIVE;
				CLANG_CXX_LANGUAGE_STANDARD = "gnu++20";
				CLANG_ENABLE_MODULES = YES;
				CLANG_ENABLE_OBJC_ARC = YES;
				CLANG_ENABLE_OBJC_WEAK = YES;
				CLANG_WARN_BLOCK_CAPTURE_AUTORELEASING = YES;
				CLANG_WARN_BOOL_CONVERSION = YES;
				CLANG_WARN_COMMA = YES;
				CLANG_WARN_CONSTANT_CONVERSION = YES;
				CLANG_WARN_DEPRECATED_OBJC_IMPLEMENTATIONS = YES;
				CLANG_WARN_DIRECT_OBJC_ISA_USAGE = YES_ERROR;
				CLANG_WARN_DOCUMENTATION_COMMENTS = YES;
				CLANG_WARN_EMPTY_BODY = YES;
				CLANG_WARN_ENUM_CONVERSION = YES;
				CLANG_WARN_INFINITE_RECURSION = YES;
				CLANG_WARN_INT_CONVERSION = YES;
				CLANG_WARN_NON_LITERAL_NULL_CONVERSION = YES;
				CLANG_WARN_OBJC_IMPLICIT_RETAIN_SELF = YES;
				CLANG_WARN_OBJC_LITERAL_CONVERSION = YES;
				CLANG_WARN_OBJC_ROOT_CLASS = YES_ERROR;
				CLANG_WARN_QUOTED_INCLUDE_IN_FRAMEWORK_HEADER = YES;
				CLANG_WARN_RANGE_LOOP_ANALYSIS = YES;
				CLANG_WARN_STRICT_PROTOTYPES = YES;
				CLANG_WARN_SUSPICIOUS_MOVE = YES;
				CLANG_WARN_UNGUARDED_AVAILABILITY = YES_AGGRESSIVE;
				CLANG_WARN_UNREACHABLE_CODE = YES;
				CLANG_WARN__DUPLICATE_METHOD_MATCH = YES;
				COPY_PHASE_STRIP = NO;
				DEBUG_INFORMATION_FORMAT = dwarf;
				ENABLE_STRICT_OBJC_MSGSEND = YES;
				ENABLE_TESTABILITY = YES;
				GCC_C_LANGUAGE_STANDARD = gnu11;
				GCC_DYNAMIC_NO_PIC = NO;
				GCC_NO_COMMON_BLOCKS = YES;
				GCC_OPTIMIZATION_LEVEL = 0;
				GCC_PREPROCESSOR_DEFINITIONS = (
					"DEBUG=1",
					"$(inherited)",
				);
				GCC_WARN_64_TO_32_BIT_CONVERSION = YES;
				GCC_WARN_ABOUT_RETURN_TYPE = YES_ERROR;
				GCC_WARN_UNDECLARED_SELECTOR = YES;
				GCC_WARN_UNINITIALIZED_AUTOS = YES_AGGRESSIVE;
				GCC_WARN_UNUSED_FUNCTION = YES;
				GCC_WARN_UNUSED_VARIABLE = YES;
				IPHONEOS_DEPLOYMENT_TARGET = 16.4;
				MTL_ENABLE_DEBUG_INFO = INCLUDE_SOURCE;
				MTL_FAST_MATH = YES;
				ONLY_ACTIVE_ARCH = YES;
				OTHER_LDFLAGS = "";
				SDKROOT = iphoneos;
				SWIFT_ACTIVE_COMPILATION_CONDITIONS = DEBUG;
				SWIFT_OPTIMIZATION_LEVEL = "-Onone";
			};
			name = Debug;
		};
		AEC2DABD2B19F2F600D10474 /* Release */ = {
			isa = XCBuildConfiguration;
			buildSettings = {
				ALWAYS_SEARCH_USER_PATHS = NO;
				CLANG_ANALYZER_NONNULL = YES;
				CLANG_ANALYZER_NUMBER_OBJECT_CONVERSION = YES_AGGRESSIVE;
				CLANG_CXX_LANGUAGE_STANDARD = "gnu++20";
				CLANG_ENABLE_MODULES = YES;
				CLANG_ENABLE_OBJC_ARC = YES;
				CLANG_ENABLE_OBJC_WEAK = YES;
				CLANG_WARN_BLOCK_CAPTURE_AUTORELEASING = YES;
				CLANG_WARN_BOOL_CONVERSION = YES;
				CLANG_WARN_COMMA = YES;
				CLANG_WARN_CONSTANT_CONVERSION = YES;
				CLANG_WARN_DEPRECATED_OBJC_IMPLEMENTATIONS = YES;
				CLANG_WARN_DIRECT_OBJC_ISA_USAGE = YES_ERROR;
				CLANG_WARN_DOCUMENTATION_COMMENTS = YES;
				CLANG_WARN_EMPTY_BODY = YES;
				CLANG_WARN_ENUM_CONVERSION = YES;
				CLANG_WARN_INFINITE_RECURSION = YES;
				CLANG_WARN_INT_CONVERSION = YES;
				CLANG_WARN_NON_LITERAL_NULL_CONVERSION = YES;
				CLANG_WARN_OBJC_IMPLICIT_RETAIN_SELF = YES;
				CLANG_WARN_OBJC_LITERAL_CONVERSION = YES;
				CLANG_WARN_OBJC_ROOT_CLASS = YES_ERROR;
				CLANG_WARN_QUOTED_INCLUDE_IN_FRAMEWORK_HEADER = YES;
				CLANG_WARN_RANGE_LOOP_ANALYSIS = YES;
				CLANG_WARN_STRICT_PROTOTYPES = YES;
				CLANG_WARN_SUSPICIOUS_MOVE = YES;
				CLANG_WARN_UNGUARDED_AVAILABILITY = YES_AGGRESSIVE;
				CLANG_WARN_UNREACHABLE_CODE = YES;
				CLANG_WARN__DUPLICATE_METHOD_MATCH = YES;
				COPY_PHASE_STRIP = NO;
				DEBUG_INFORMATION_FORMAT = "dwarf-with-dsym";
				ENABLE_NS_ASSERTIONS = NO;
				ENABLE_STRICT_OBJC_MSGSEND = YES;
				GCC_C_LANGUAGE_STANDARD = gnu11;
				GCC_NO_COMMON_BLOCKS = YES;
				GCC_WARN_64_TO_32_BIT_CONVERSION = YES;
				GCC_WARN_ABOUT_RETURN_TYPE = YES_ERROR;
				GCC_WARN_UNDECLARED_SELECTOR = YES;
				GCC_WARN_UNINITIALIZED_AUTOS = YES_AGGRESSIVE;
				GCC_WARN_UNUSED_FUNCTION = YES;
				GCC_WARN_UNUSED_VARIABLE = YES;
				IPHONEOS_DEPLOYMENT_TARGET = 16.4;
				MTL_ENABLE_DEBUG_INFO = NO;
				MTL_FAST_MATH = YES;
				OTHER_LDFLAGS = "";
				SDKROOT = iphoneos;
				SWIFT_COMPILATION_MODE = wholemodule;
				SWIFT_OPTIMIZATION_LEVEL = "-O";
				VALIDATE_PRODUCT = YES;
			};
			name = Release;
		};
		AEC2DABF2B19F2F600D10474 /* Debug */ = {
			isa = XCBuildConfiguration;
			buildSettings = {
				ASSETCATALOG_COMPILER_APPICON_NAME = AppIcon;
				ASSETCATALOG_COMPILER_GLOBAL_ACCENT_COLOR_NAME = AccentColor;
				CODE_SIGN_STYLE = Automatic;
				CURRENT_PROJECT_VERSION = 1;
				DEVELOPMENT_TEAM = T7653YUNND;
				GENERATE_INFOPLIST_FILE = YES;
				INFOPLIST_FILE = OrdersTest/SupportingFiles/Info.plist;
				INFOPLIST_KEY_UIApplicationSupportsIndirectInputEvents = YES;
				INFOPLIST_KEY_UILaunchStoryboardName = LaunchScreen;
				INFOPLIST_KEY_UISupportedInterfaceOrientations = UIInterfaceOrientationPortrait;
				INFOPLIST_KEY_UISupportedInterfaceOrientations_iPad = "UIInterfaceOrientationLandscapeLeft UIInterfaceOrientationLandscapeRight UIInterfaceOrientationPortrait UIInterfaceOrientationPortraitUpsideDown";
				LD_RUNPATH_SEARCH_PATHS = (
					"$(inherited)",
					"@executable_path/Frameworks",
				);
				MARKETING_VERSION = 1.0;
				PRODUCT_BUNDLE_IDENTIFIER = ttt.OrdersTest;
				PRODUCT_NAME = "$(TARGET_NAME)";
				SUPPORTED_PLATFORMS = "iphoneos iphonesimulator";
				SUPPORTS_MACCATALYST = NO;
				SUPPORTS_MAC_DESIGNED_FOR_IPHONE_IPAD = NO;
				SWIFT_EMIT_LOC_STRINGS = YES;
				SWIFT_VERSION = 5.0;
				TARGETED_DEVICE_FAMILY = 1;
			};
			name = Debug;
		};
		AEC2DAC02B19F2F600D10474 /* Release */ = {
			isa = XCBuildConfiguration;
			buildSettings = {
				ASSETCATALOG_COMPILER_APPICON_NAME = AppIcon;
				ASSETCATALOG_COMPILER_GLOBAL_ACCENT_COLOR_NAME = AccentColor;
				CODE_SIGN_STYLE = Automatic;
				CURRENT_PROJECT_VERSION = 1;
				DEVELOPMENT_TEAM = T7653YUNND;
				GENERATE_INFOPLIST_FILE = YES;
				INFOPLIST_FILE = OrdersTest/SupportingFiles/Info.plist;
				INFOPLIST_KEY_UIApplicationSupportsIndirectInputEvents = YES;
				INFOPLIST_KEY_UILaunchStoryboardName = LaunchScreen;
				INFOPLIST_KEY_UISupportedInterfaceOrientations = UIInterfaceOrientationPortrait;
				INFOPLIST_KEY_UISupportedInterfaceOrientations_iPad = "UIInterfaceOrientationLandscapeLeft UIInterfaceOrientationLandscapeRight UIInterfaceOrientationPortrait UIInterfaceOrientationPortraitUpsideDown";
				LD_RUNPATH_SEARCH_PATHS = (
					"$(inherited)",
					"@executable_path/Frameworks",
				);
				MARKETING_VERSION = 1.0;
				PRODUCT_BUNDLE_IDENTIFIER = ttt.OrdersTest;
				PRODUCT_NAME = "$(TARGET_NAME)";
				SUPPORTED_PLATFORMS = "iphoneos iphonesimulator";
				SUPPORTS_MACCATALYST = NO;
				SUPPORTS_MAC_DESIGNED_FOR_IPHONE_IPAD = NO;
				SWIFT_EMIT_LOC_STRINGS = YES;
				SWIFT_VERSION = 5.0;
				TARGETED_DEVICE_FAMILY = 1;
			};
			name = Release;
		};
/* End XCBuildConfiguration section */

/* Begin XCConfigurationList section */
		AEC2DAA52B19F2F500D10474 /* Build configuration list for PBXProject "OrdersTest" */ = {
			isa = XCConfigurationList;
			buildConfigurations = (
				AEC2DABC2B19F2F600D10474 /* Debug */,
				AEC2DABD2B19F2F600D10474 /* Release */,
			);
			defaultConfigurationIsVisible = 0;
			defaultConfigurationName = Release;
		};
		AEC2DABE2B19F2F600D10474 /* Build configuration list for PBXNativeTarget "OrdersTest" */ = {
			isa = XCConfigurationList;
			buildConfigurations = (
				AEC2DABF2B19F2F600D10474 /* Debug */,
				AEC2DAC02B19F2F600D10474 /* Release */,
			);
			defaultConfigurationIsVisible = 0;
			defaultConfigurationName = Release;
		};
/* End XCConfigurationList section */

/* Begin XCRemoteSwiftPackageReference section */
		AED713FB2B1CDF09000AE642 /* XCRemoteSwiftPackageReference "firebase-ios-sdk.git" */ = {
			isa = XCRemoteSwiftPackageReference;
			repositoryURL = "https://github.com/firebase/firebase-ios-sdk.git";
			requirement = {
				kind = upToNextMajorVersion;
				minimumVersion = 10.0.0;
			};
		};
/* End XCRemoteSwiftPackageReference section */

/* Begin XCSwiftPackageProductDependency section */
		AED713FC2B1CDF09000AE642 /* FirebaseAuth */ = {
			isa = XCSwiftPackageProductDependency;
			package = AED713FB2B1CDF09000AE642 /* XCRemoteSwiftPackageReference "firebase-ios-sdk.git" */;
			productName = FirebaseAuth;
		};
		AED713FE2B1CDF09000AE642 /* FirebaseDatabase */ = {
			isa = XCSwiftPackageProductDependency;
			package = AED713FB2B1CDF09000AE642 /* XCRemoteSwiftPackageReference "firebase-ios-sdk.git" */;
			productName = FirebaseDatabase;
		};
		AED714002B1CDF09000AE642 /* FirebaseFirestore */ = {
			isa = XCSwiftPackageProductDependency;
			package = AED713FB2B1CDF09000AE642 /* XCRemoteSwiftPackageReference "firebase-ios-sdk.git" */;
			productName = FirebaseFirestore;
		};
		AED714022B1CDF09000AE642 /* FirebaseStorage */ = {
			isa = XCSwiftPackageProductDependency;
			package = AED713FB2B1CDF09000AE642 /* XCRemoteSwiftPackageReference "firebase-ios-sdk.git" */;
			productName = FirebaseStorage;
		};
/* End XCSwiftPackageProductDependency section */
	};
	rootObject = AEC2DAA22B19F2F500D10474 /* Project object */;
}
